
Microsoft Visual Studio Solution File, Format Version 12.00
# Visual Studio Version 16
VisualStudioVersion = 16.0.32126.315
MinimumVisualStudioVersion = 10.0.40219.1
Project("{FAE04EC0-301F-11D3-BF4B-00C04F79EFBC}") = "Buryak_pr11.Android", "Buryak_pr11\Buryak_pr11.Android\Buryak_pr11.Android.csproj", "{20FC8378-963E-4CE1-B45F-EE59F419E89F}"
EndProject
Project("{FAE04EC0-301F-11D3-BF4B-00C04F79EFBC}") = "Buryak_pr11.iOS", "Buryak_pr11\Buryak_pr11.iOS\Buryak_pr11.iOS.csproj", "{F7FC8F3D-5267-4180-ADF6-ECDC7E8849C6}"
EndProject
Project("{FAE04EC0-301F-11D3-BF4B-00C04F79EFBC}") = "Buryak_pr11", "Buryak_pr11\Buryak_pr11\Buryak_pr11.csproj", "{DDB688C7-2FD7-44AA-A704-5ED62A50DAEB}"
EndProject
Global
	GlobalSection(SolutionConfigurationPlatforms) = preSolution
		Debug|Any CPU = Debug|Any CPU
		Debug|iPhone = Debug|iPhone
		Debug|iPhoneSimulator = Debug|iPhoneSimulator
		Release|Any CPU = Release|Any CPU
		Release|iPhone = Release|iPhone
		Release|iPhoneSimulator = Release|iPhoneSimulator
	EndGlobalSection
	GlobalSection(ProjectConfigurationPlatforms) = postSolution
		{20FC8378-963E-4CE1-B45F-EE59F419E89F}.Debug|Any CPU.ActiveCfg = Debug|Any CPU
		{20FC8378-963E-4CE1-B45F-EE59F419E89F}.Debug|Any CPU.Build.0 = Debug|Any CPU
		{20FC8378-963E-4CE1-B45F-EE59F419E89F}.Debug|Any CPU.Deploy.0 = Debug|Any CPU
		{20FC8378-963E-4CE1-B45F-EE59F419E89F}.Debug|iPhone.ActiveCfg = Debug|Any CPU
		{20FC8378-963E-4CE1-B45F-EE59F419E89F}.Debug|iPhone.Build.0 = Debug|Any CPU
		{20FC8378-963E-4CE1-B45F-EE59F419E89F}.Debug|iPhone.Deploy.0 = Debug|Any CPU
		{20FC8378-963E-4CE1-B45F-EE59F419E89F}.Debug|iPhoneSimulator.ActiveCfg = Debug|Any CPU
		{20FC8378-963E-4CE1-B45F-EE59F419E89F}.Debug|iPhoneSimulator.Build.0 = Debug|Any CPU
		{20FC8378-963E-4CE1-B45F-EE59F419E89F}.Debug|iPhoneSimulator.Deploy.0 = Debug|Any CPU
		{20FC8378-963E-4CE1-B45F-EE59F419E89F}.Release|Any CPU.ActiveCfg = Release|Any CPU
		{20FC8378-963E-4CE1-B45F-EE59F419E89F}.Release|Any CPU.Build.0 = Release|Any CPU
		{20FC8378-963E-4CE1-B45F-EE59F419E89F}.Release|Any CPU.Deploy.0 = Release|Any CPU
		{20FC8378-963E-4CE1-B45F-EE59F419E89F}.Release|iPhone.ActiveCfg = Release|Any CPU
		{20FC8378-963E-4CE1-B45F-EE59F419E89F}.Release|iPhone.Build.0 = Release|Any CPU
		{20FC8378-963E-4CE1-B45F-EE59F419E89F}.Release|iPhone.Deploy.0 = Release|Any CPU
		{20FC8378-963E-4CE1-B45F-EE59F419E89F}.Release|iPhoneSimulator.ActiveCfg = Release|Any CPU
		{20FC8378-963E-4CE1-B45F-EE59F419E89F}.Release|iPhoneSimulator.Build.0 = Release|Any CPU
		{20FC8378-963E-4CE1-B45F-EE59F419E89F}.Release|iPhoneSimulator.Deploy.0 = Release|Any CPU
		{F7FC8F3D-5267-4180-ADF6-ECDC7E8849C6}.Debug|Any CPU.ActiveCfg = Debug|iPhone
		{F7FC8F3D-5267-4180-ADF6-ECDC7E8849C6}.Debug|Any CPU.Build.0 = Debug|iPhone
		{F7FC8F3D-5267-4180-ADF6-ECDC7E8849C6}.Debug|Any CPU.Deploy.0 = Debug|iPhone
		{F7FC8F3D-5267-4180-ADF6-ECDC7E8849C6}.Debug|iPhone.ActiveCfg = Debug|iPhone
		{F7FC8F3D-5267-4180-ADF6-ECDC7E8849C6}.Debug|iPhone.Build.0 = Debug|iPhone
		{F7FC8F3D-5267-4180-ADF6-ECDC7E8849C6}.Debug|iPhone.Deploy.0 = Debug|iPhone
		{F7FC8F3D-5267-4180-ADF6-ECDC7E8849C6}.Debug|iPhoneSimulator.ActiveCfg = Debug|iPhoneSimulator
		{F7FC8F3D-5267-4180-ADF6-ECDC7E8849C6}.Debug|iPhoneSimulator.Build.0 = Debug|iPhoneSimulator
		{F7FC8F3D-5267-4180-ADF6-ECDC7E8849C6}.Debug|iPhoneSimulator.Deploy.0 = Debug|iPhoneSimulator
		{F7FC8F3D-5267-4180-ADF6-ECDC7E8849C6}.Release|Any CPU.ActiveCfg = Release|iPhoneSimulator
		{F7FC8F3D-5267-4180-ADF6-ECDC7E8849C6}.Release|Any CPU.Build.0 = Release|iPhoneSimulator
		{F7FC8F3D-5267-4180-ADF6-ECDC7E8849C6}.Release|Any CPU.Deploy.0 = Release|iPhoneSimulator
		{F7FC8F3D-5267-4180-ADF6-ECDC7E8849C6}.Release|iPhone.ActiveCfg = Release|iPhone
		{F7FC8F3D-5267-4180-ADF6-ECDC7E8849C6}.Release|iPhone.Build.0 = Release|iPhone
		{F7FC8F3D-5267-4180-ADF6-ECDC7E8849C6}.Release|iPhone.Deploy.0 = Release|iPhone
		{F7FC8F3D-5267-4180-ADF6-ECDC7E8849C6}.Release|iPhoneSimulator.ActiveCfg = Release|iPhoneSimulator
		{F7FC8F3D-5267-4180-ADF6-ECDC7E8849C6}.Release|iPhoneSimulator.Build.0 = Release|iPhoneSimulator
		{F7FC8F3D-5267-4180-ADF6-ECDC7E8849C6}.Release|iPhoneSimulator.Deploy.0 = Release|iPhoneSimulator
		{DDB688C7-2FD7-44AA-A704-5ED62A50DAEB}.Debug|Any CPU.ActiveCfg = Debug|Any CPU
		{DDB688C7-2FD7-44AA-A704-5ED62A50DAEB}.Debug|Any CPU.Build.0 = Debug|Any CPU
		{DDB688C7-2FD7-44AA-A704-5ED62A50DAEB}.Debug|Any CPU.Deploy.0 = Debug|Any CPU
		{DDB688C7-2FD7-44AA-A704-5ED62A50DAEB}.Debug|iPhone.ActiveCfg = Debug|Any CPU
		{DDB688C7-2FD7-44AA-A704-5ED62A50DAEB}.Debug|iPhone.Build.0 = Debug|Any CPU
		{DDB688C7-2FD7-44AA-A704-5ED62A50DAEB}.Debug|iPhone.Deploy.0 = Debug|Any CPU
		{DDB688C7-2FD7-44AA-A704-5ED62A50DAEB}.Debug|iPhoneSimulator.ActiveCfg = Debug|Any CPU
		{DDB688C7-2FD7-44AA-A704-5ED62A50DAEB}.Debug|iPhoneSimulator.Build.0 = Debug|Any CPU
		{DDB688C7-2FD7-44AA-A704-5ED62A50DAEB}.Debug|iPhoneSimulator.Deploy.0 = Debug|Any CPU
		{DDB688C7-2FD7-44AA-A704-5ED62A50DAEB}.Release|Any CPU.ActiveCfg = Release|Any CPU
		{DDB688C7-2FD7-44AA-A704-5ED62A50DAEB}.Release|Any CPU.Build.0 = Release|Any CPU
		{DDB688C7-2FD7-44AA-A704-5ED62A50DAEB}.Release|Any CPU.Deploy.0 = Release|Any CPU
		{DDB688C7-2FD7-44AA-A704-5ED62A50DAEB}.Release|iPhone.ActiveCfg = Release|Any CPU
		{DDB688C7-2FD7-44AA-A704-5ED62A50DAEB}.Release|iPhone.Build.0 = Release|Any CPU
		{DDB688C7-2FD7-44AA-A704-5ED62A50DAEB}.Release|iPhone.Deploy.0 = Release|Any CPU
		{DDB688C7-2FD7-44AA-A704-5ED62A50DAEB}.Release|iPhoneSimulator.ActiveCfg = Release|Any CPU
		{DDB688C7-2FD7-44AA-A704-5ED62A50DAEB}.Release|iPhoneSimulator.Build.0 = Release|Any CPU
		{DDB688C7-2FD7-44AA-A704-5ED62A50DAEB}.Release|iPhoneSimulator.Deploy.0 = Release|Any CPU
	EndGlobalSection
	GlobalSection(SolutionProperties) = preSolution
		HideSolutionNode = FALSE
	EndGlobalSection
	GlobalSection(ExtensibilityGlobals) = postSolution
		SolutionGuid = {E87327D0-4603-46ED-B10D-F3EC3CF219D3}
	EndGlobalSection
EndGlobal
